
Microsoft Visual Studio Solution File, Format Version 12.00
# Visual Studio Version 17
VisualStudioVersion = 17.8.34525.116
MinimumVisualStudioVersion = 10.0.40219.1
Project("{FAE04EC0-301F-11D3-BF4B-00C04F79EFBC}") = "Kvitteringer", "Kvitteringer.csproj", "{573D9BB6-6FCF-4CFD-8736-DCC4F8CC895F}"
EndProject
Global
	GlobalSection(SolutionConfigurationPlatforms) = preSolution
		Debug|Any CPU = Debug|Any CPU
		Release|Any CPU = Release|Any CPU
	EndGlobalSection
	GlobalSection(ProjectConfigurationPlatforms) = postSolution
		{573D9BB6-6FCF-4CFD-8736-DCC4F8CC895F}.Debug|Any CPU.ActiveCfg = Debug|Any CPU
		{573D9BB6-6FCF-4CFD-8736-DCC4F8CC895F}.Debug|Any CPU.Build.0 = Debug|Any CPU
		{573D9BB6-6FCF-4CFD-8736-DCC4F8CC895F}.Release|Any CPU.ActiveCfg = Release|Any CPU
		{573D9BB6-6FCF-4CFD-8736-DCC4F8CC895F}.Release|Any CPU.Build.0 = Release|Any CPU
	EndGlobalSection
	GlobalSection(SolutionProperties) = preSolution
		HideSolutionNode = FALSE
	EndGlobalSection
	GlobalSection(ExtensibilityGlobals) = postSolution
		SolutionGuid = {3E641ADD-6126-4246-B2BE-04277C39E4E7}
	EndGlobalSection
EndGlobal
